
Microsoft Visual Studio Solution File, Format Version 12.00
# Visual Studio 2012
Project("{8BC9CEB8-8B4A-11D0-8D11-00A0C91BC942}") = "StringMatch", "StringMatch\StringMatch.vcxproj", "{D056C825-47E5-46CF-B8B6-C93B68ABA389}"
EndProject
Global
	GlobalSection(SolutionConfigurationPlatforms) = preSolution
		Debug|Win32 = Debug|Win32
		Release|Win32 = Release|Win32
	EndGlobalSection
	GlobalSection(ProjectConfigurationPlatforms) = postSolution
		{D056C825-47E5-46CF-B8B6-C93B68ABA389}.Debug|Win32.ActiveCfg = Debug|Win32
		{D056C825-47E5-46CF-B8B6-C93B68ABA389}.Debug|Win32.Build.0 = Debug|Win32
		{D056C825-47E5-46CF-B8B6-C93B68ABA389}.Release|Win32.ActiveCfg = Release|Win32
		{D056C825-47E5-46CF-B8B6-C93B68ABA389}.Release|Win32.Build.0 = Release|Win32
	EndGlobalSection
	GlobalSection(SolutionProperties) = preSolution
		HideSolutionNode = FALSE
	EndGlobalSection
EndGlobal
